
Microsoft Visual Studio Solution File, Format Version 12.00
# Visual Studio Version 17
VisualStudioVersion = 17.9.34616.47
MinimumVisualStudioVersion = 10.0.40219.1
Project("{FAE04EC0-301F-11D3-BF4B-00C04F79EFBC}") = "App.Domain", "App.Domain\App.Domain.csproj", "{0D2E3016-57C8-4DCE-9617-69E21B1992C3}"
EndProject
Project("{FAE04EC0-301F-11D3-BF4B-00C04F79EFBC}") = "App.InfraStructure", "App.InfraStructure\App.InfraStructure.csproj", "{9047C205-E69A-46EF-8886-DC6641B97644}"
EndProject
Project("{FAE04EC0-301F-11D3-BF4B-00C04F79EFBC}") = "App.DataAccess", "App.DataAccess\App.DataAccess.csproj", "{BF9B80F6-FB26-4CE4-B316-10EA987ECBEC}"
EndProject
Project("{FAE04EC0-301F-11D3-BF4B-00C04F79EFBC}") = "App.DataCommon", "App.DataCommon\App.DataCommon.csproj", "{DFAA3873-2A76-44CF-A894-34B1844FA2FD}"
EndProject
Project("{FAE04EC0-301F-11D3-BF4B-00C04F79EFBC}") = "App.Web", "App.Web\App.Web.csproj", "{2AEB4854-2378-44E2-9E60-AC1014A19244}"
EndProject
Global
	GlobalSection(SolutionConfigurationPlatforms) = preSolution
		Debug|Any CPU = Debug|Any CPU
		Release|Any CPU = Release|Any CPU
	EndGlobalSection
	GlobalSection(ProjectConfigurationPlatforms) = postSolution
		{0D2E3016-57C8-4DCE-9617-69E21B1992C3}.Debug|Any CPU.ActiveCfg = Debug|Any CPU
		{0D2E3016-57C8-4DCE-9617-69E21B1992C3}.Debug|Any CPU.Build.0 = Debug|Any CPU
		{0D2E3016-57C8-4DCE-9617-69E21B1992C3}.Release|Any CPU.ActiveCfg = Release|Any CPU
		{0D2E3016-57C8-4DCE-9617-69E21B1992C3}.Release|Any CPU.Build.0 = Release|Any CPU
		{9047C205-E69A-46EF-8886-DC6641B97644}.Debug|Any CPU.ActiveCfg = Debug|Any CPU
		{9047C205-E69A-46EF-8886-DC6641B97644}.Debug|Any CPU.Build.0 = Debug|Any CPU
		{9047C205-E69A-46EF-8886-DC6641B97644}.Release|Any CPU.ActiveCfg = Release|Any CPU
		{9047C205-E69A-46EF-8886-DC6641B97644}.Release|Any CPU.Build.0 = Release|Any CPU
		{BF9B80F6-FB26-4CE4-B316-10EA987ECBEC}.Debug|Any CPU.ActiveCfg = Debug|Any CPU
		{BF9B80F6-FB26-4CE4-B316-10EA987ECBEC}.Debug|Any CPU.Build.0 = Debug|Any CPU
		{BF9B80F6-FB26-4CE4-B316-10EA987ECBEC}.Release|Any CPU.ActiveCfg = Release|Any CPU
		{BF9B80F6-FB26-4CE4-B316-10EA987ECBEC}.Release|Any CPU.Build.0 = Release|Any CPU
		{DFAA3873-2A76-44CF-A894-34B1844FA2FD}.Debug|Any CPU.ActiveCfg = Debug|Any CPU
		{DFAA3873-2A76-44CF-A894-34B1844FA2FD}.Debug|Any CPU.Build.0 = Debug|Any CPU
		{DFAA3873-2A76-44CF-A894-34B1844FA2FD}.Release|Any CPU.ActiveCfg = Release|Any CPU
		{DFAA3873-2A76-44CF-A894-34B1844FA2FD}.Release|Any CPU.Build.0 = Release|Any CPU
		{2AEB4854-2378-44E2-9E60-AC1014A19244}.Debug|Any CPU.ActiveCfg = Debug|Any CPU
		{2AEB4854-2378-44E2-9E60-AC1014A19244}.Debug|Any CPU.Build.0 = Debug|Any CPU
		{2AEB4854-2378-44E2-9E60-AC1014A19244}.Release|Any CPU.ActiveCfg = Release|Any CPU
		{2AEB4854-2378-44E2-9E60-AC1014A19244}.Release|Any CPU.Build.0 = Release|Any CPU
	EndGlobalSection
	GlobalSection(SolutionProperties) = preSolution
		HideSolutionNode = FALSE
	EndGlobalSection
	GlobalSection(ExtensibilityGlobals) = postSolution
		SolutionGuid = {6C7EE4BC-7B5C-4684-B30E-AF41B2D28B9B}
	EndGlobalSection
EndGlobal
